
Microsoft Visual Studio Solution File, Format Version 12.00
# Visual Studio 15
VisualStudioVersion = 15.0.27004.2002
MinimumVisualStudioVersion = 10.0.40219.1
Project("{E24C65DC-7377-472B-9ABA-BC803B73C61A}") = "Test2", "..\..\BitBucker\Test2\", "{88082E93-543C-40CD-AC21-C8D92A62E1F3}"
	ProjectSection(WebsiteProperties) = preProject
		TargetFrameworkMoniker = ".NETFramework,Version%3Dv4.6.1"
		Debug.AspNetCompiler.VirtualPath = "/localhost_50872"
		Debug.AspNetCompiler.PhysicalPath = "..\..\BitBucker\Test2\"
		Debug.AspNetCompiler.TargetPath = "PrecompiledWeb\localhost_50872\"
		Debug.AspNetCompiler.Updateable = "true"
		Debug.AspNetCompiler.ForceOverwrite = "true"
		Debug.AspNetCompiler.FixedNames = "false"
		Debug.AspNetCompiler.Debug = "True"
		Release.AspNetCompiler.VirtualPath = "/localhost_50872"
		Release.AspNetCompiler.PhysicalPath = "..\..\BitBucker\Test2\"
		Release.AspNetCompiler.TargetPath = "PrecompiledWeb\localhost_50872\"
		Release.AspNetCompiler.Updateable = "true"
		Release.AspNetCompiler.ForceOverwrite = "true"
		Release.AspNetCompiler.FixedNames = "false"
		Release.AspNetCompiler.Debug = "False"
		VWDPort = "50872"
		SlnRelativePath = "..\..\BitBucker\Test2\"
		DefaultWebSiteLanguage = "Visual C#"
	EndProjectSection
EndProject
Global
	GlobalSection(SolutionConfigurationPlatforms) = preSolution
		Debug|Any CPU = Debug|Any CPU
	EndGlobalSection
	GlobalSection(ProjectConfigurationPlatforms) = postSolution
		{88082E93-543C-40CD-AC21-C8D92A62E1F3}.Debug|Any CPU.ActiveCfg = Debug|Any CPU
		{88082E93-543C-40CD-AC21-C8D92A62E1F3}.Debug|Any CPU.Build.0 = Debug|Any CPU
	EndGlobalSection
	GlobalSection(SolutionProperties) = preSolution
		HideSolutionNode = FALSE
	EndGlobalSection
	GlobalSection(ExtensibilityGlobals) = postSolution
		SolutionGuid = {454B4875-AB68-42F7-96B8-4D35FA1ADBCD}
	EndGlobalSection
EndGlobal
