
Microsoft Visual Studio Solution File, Format Version 12.00
# Visual Studio 15
VisualStudioVersion = 15.0.26730.3
MinimumVisualStudioVersion = 10.0.40219.1
Project("{2150E333-8FDC-42A3-9474-1A3956D46DE8}") = "src", "src", "{BF52490E-BCD6-4645-9E42-82A0E56FA766}"
EndProject
Project("{9A19103F-16F7-4668-BE54-9A1E7A4F7556}") = "WebApplication1", "src\WebApplication1\WebApplication1.csproj", "{7DCF3F7E-2404-4AF7-8CEB-08B86B88126C}"
EndProject
Global
	GlobalSection(SolutionConfigurationPlatforms) = preSolution
		Debug|Any CPU = Debug|Any CPU
		Debug|x64 = Debug|x64
		Debug|x86 = Debug|x86
		Release|Any CPU = Release|Any CPU
		Release|x64 = Release|x64
		Release|x86 = Release|x86
	EndGlobalSection
	GlobalSection(ProjectConfigurationPlatforms) = postSolution
		{7DCF3F7E-2404-4AF7-8CEB-08B86B88126C}.Debug|Any CPU.ActiveCfg = Debug|Any CPU
		{7DCF3F7E-2404-4AF7-8CEB-08B86B88126C}.Debug|Any CPU.Build.0 = Debug|Any CPU
		{7DCF3F7E-2404-4AF7-8CEB-08B86B88126C}.Debug|x64.ActiveCfg = Debug|Any CPU
		{7DCF3F7E-2404-4AF7-8CEB-08B86B88126C}.Debug|x64.Build.0 = Debug|Any CPU
		{7DCF3F7E-2404-4AF7-8CEB-08B86B88126C}.Debug|x86.ActiveCfg = Debug|Any CPU
		{7DCF3F7E-2404-4AF7-8CEB-08B86B88126C}.Debug|x86.Build.0 = Debug|Any CPU
		{7DCF3F7E-2404-4AF7-8CEB-08B86B88126C}.Release|Any CPU.ActiveCfg = Release|Any CPU
		{7DCF3F7E-2404-4AF7-8CEB-08B86B88126C}.Release|Any CPU.Build.0 = Release|Any CPU
		{7DCF3F7E-2404-4AF7-8CEB-08B86B88126C}.Release|x64.ActiveCfg = Release|Any CPU
		{7DCF3F7E-2404-4AF7-8CEB-08B86B88126C}.Release|x64.Build.0 = Release|Any CPU
		{7DCF3F7E-2404-4AF7-8CEB-08B86B88126C}.Release|x86.ActiveCfg = Release|Any CPU
		{7DCF3F7E-2404-4AF7-8CEB-08B86B88126C}.Release|x86.Build.0 = Release|Any CPU
	EndGlobalSection
	GlobalSection(SolutionProperties) = preSolution
		HideSolutionNode = FALSE
	EndGlobalSection
	GlobalSection(NestedProjects) = preSolution
		{7DCF3F7E-2404-4AF7-8CEB-08B86B88126C} = {BF52490E-BCD6-4645-9E42-82A0E56FA766}
	EndGlobalSection
	GlobalSection(ExtensibilityGlobals) = postSolution
		SolutionGuid = {13A15F16-8DDE-4EC8-BB41-D72044D30887}
	EndGlobalSection
EndGlobal
